// !$*UTF8*$!
{
	archiveVersion = 1;
	classes = {
	};
	objectVersion = 46;
	objects = {

/* Begin PBXGroup section */
		3A5BDBCA1C30E22100D93364 = {
			isa = PBXGroup;
			children = (
			);
			sourceTree = "<group>";
		};
/* End PBXGroup section */

/* Begin PBXProject section */
		3A5BDBCB1C30E22100D93364 /* Project object */ = {
			isa = PBXProject;
			attributes = {
				LastUpgradeCheck = 0720;
			};
			buildConfigurationList = 3A5BDBCE1C30E22100D93364 /* Build configuration list for PBXProject "n0m3rcy" */;
			compatibilityVersion = "Xcode 3.2";
			developmentRegion = English;
			hasScannedForEncodings = 0;
			knownRegions = (
				en,
			);
			mainGroup = 3A5BDBCA1C30E22100D93364;
			projectDirPath = "";
			projectRoot = "";
			targets = (
			);
		};
/* End PBXProject section */

/* Begin XCBuildConfiguration section */
		3A5BDBCF1C30E22100D93364 /* Debug */ = {
			isa = XCBuildConfiguration;
			buildSettings = {
			};
			name = Debug;
		};
		3A5BDBD01C30E22100D93364 /* Release */ = {
			isa = XCBuildConfiguration;
			buildSettings = {
			};
			name = Release;
		};
/* End XCBuildConfiguration section */

/* Begin XCConfigurationList section */
		3A5BDBCE1C30E22100D93364 /* Build configuration list for PBXProject "n0m3rcy" */ = {
			isa = XCConfigurationList;
			buildConfigurations = (
				3A5BDBCF1C30E22100D93364 /* Debug */,
				3A5BDBD01C30E22100D93364 /* Release */,
			);
			defaultConfigurationIsVisible = 0;
			defaultConfigurationName = Release;
		};
/* End XCConfigurationList section */
	};
	rootObject = 3A5BDBCB1C30E22100D93364 /* Project object */;
}
